
Microsoft Visual Studio Solution File, Format Version 12.00
# Visual Studio Version 16
VisualStudioVersion = 16.0.30711.63
MinimumVisualStudioVersion = 10.0.40219.1
Project("{9A19103F-16F7-4668-BE54-9A1E7A4F7556}") = "Classes", "Classes\Classes.csproj", "{70444C92-A38C-461D-BBF2-07A9E1D9DF00}"
EndProject
Project("{9A19103F-16F7-4668-BE54-9A1E7A4F7556}") = "MemoryManagment", "MemoryManagment\MemoryManagment.csproj", "{B73CC15D-67F2-4F3A-B4F0-E2FC2F6E45A1}"
EndProject
Project("{9A19103F-16F7-4668-BE54-9A1E7A4F7556}") = "PokemonTester", "PokemonTester\PokemonTester.csproj", "{10D0AB53-1D6A-4C3D-9E9B-BFCCE5F8A54E}"
EndProject
Project("{9A19103F-16F7-4668-BE54-9A1E7A4F7556}") = "List", "List\List.csproj", "{C15CB7A2-2B30-4C94-B7FA-76FFDC49CDA7}"
EndProject
Project("{9A19103F-16F7-4668-BE54-9A1E7A4F7556}") = "ClassenOvererving_balletjes", "ClassenOvererving\ClassenOvererving_balletjes.csproj", "{3A124848-5275-4A2C-8AC2-225ACA119853}"
EndProject
Project("{9A19103F-16F7-4668-BE54-9A1E7A4F7556}") = "OverervingAdvanced", "OverervingAdvanced\OverervingAdvanced.csproj", "{0B596590-E815-4C30-B841-22AD9F950D03}"
EndProject
Project("{9A19103F-16F7-4668-BE54-9A1E7A4F7556}") = "compositie", "compositie\compositie.csproj", "{4C5219D7-D39F-4154-A019-ED9BBE7466DE}"
EndProject
Project("{9A19103F-16F7-4668-BE54-9A1E7A4F7556}") = "Compositie_bis", "Compositie_bis\Compositie_bis.csproj", "{2D5A55A4-C8A4-452E-93FB-A10BAA566A1B}"
EndProject
Project("{9A19103F-16F7-4668-BE54-9A1E7A4F7556}") = "MapMaker", "MapMaker\MapMaker.csproj", "{6BB0A89D-660E-4E08-9A23-C2A001BA72C2}"
EndProject
Project("{9A19103F-16F7-4668-BE54-9A1E7A4F7556}") = "BoardGame", "BoardGame\BoardGame.csproj", "{E0C9A805-7A2C-4407-AB0B-5197148EF40B}"
EndProject
Project("{9A19103F-16F7-4668-BE54-9A1E7A4F7556}") = "GenericListTester", "GenericListTester\GenericListTester.csproj", "{0716B05C-7424-43F8-AE12-EB10E6CD2E3C}"
EndProject
Project("{9A19103F-16F7-4668-BE54-9A1E7A4F7556}") = "ExeptionHandlingCSV", "ConsoleApp1\ExeptionHandlingCSV.csproj", "{54030D05-DEA5-47F6-A0E2-C5B100CF7895}"
EndProject
Project("{9A19103F-16F7-4668-BE54-9A1E7A4F7556}") = "ParticleSystem", "ParticleSystem\ParticleSystem.csproj", "{3229E91C-E58F-415D-9937-DFA35E7A6579}"
EndProject
Global
	GlobalSection(SolutionConfigurationPlatforms) = preSolution
		Debug|Any CPU = Debug|Any CPU
		Release|Any CPU = Release|Any CPU
	EndGlobalSection
	GlobalSection(ProjectConfigurationPlatforms) = postSolution
		{70444C92-A38C-461D-BBF2-07A9E1D9DF00}.Debug|Any CPU.ActiveCfg = Debug|Any CPU
		{70444C92-A38C-461D-BBF2-07A9E1D9DF00}.Debug|Any CPU.Build.0 = Debug|Any CPU
		{70444C92-A38C-461D-BBF2-07A9E1D9DF00}.Release|Any CPU.ActiveCfg = Release|Any CPU
		{70444C92-A38C-461D-BBF2-07A9E1D9DF00}.Release|Any CPU.Build.0 = Release|Any CPU
		{B73CC15D-67F2-4F3A-B4F0-E2FC2F6E45A1}.Debug|Any CPU.ActiveCfg = Debug|Any CPU
		{B73CC15D-67F2-4F3A-B4F0-E2FC2F6E45A1}.Debug|Any CPU.Build.0 = Debug|Any CPU
		{B73CC15D-67F2-4F3A-B4F0-E2FC2F6E45A1}.Release|Any CPU.ActiveCfg = Release|Any CPU
		{B73CC15D-67F2-4F3A-B4F0-E2FC2F6E45A1}.Release|Any CPU.Build.0 = Release|Any CPU
		{10D0AB53-1D6A-4C3D-9E9B-BFCCE5F8A54E}.Debug|Any CPU.ActiveCfg = Debug|Any CPU
		{10D0AB53-1D6A-4C3D-9E9B-BFCCE5F8A54E}.Debug|Any CPU.Build.0 = Debug|Any CPU
		{10D0AB53-1D6A-4C3D-9E9B-BFCCE5F8A54E}.Release|Any CPU.ActiveCfg = Release|Any CPU
		{10D0AB53-1D6A-4C3D-9E9B-BFCCE5F8A54E}.Release|Any CPU.Build.0 = Release|Any CPU
		{C15CB7A2-2B30-4C94-B7FA-76FFDC49CDA7}.Debug|Any CPU.ActiveCfg = Debug|Any CPU
		{C15CB7A2-2B30-4C94-B7FA-76FFDC49CDA7}.Debug|Any CPU.Build.0 = Debug|Any CPU
		{C15CB7A2-2B30-4C94-B7FA-76FFDC49CDA7}.Release|Any CPU.ActiveCfg = Release|Any CPU
		{C15CB7A2-2B30-4C94-B7FA-76FFDC49CDA7}.Release|Any CPU.Build.0 = Release|Any CPU
		{3A124848-5275-4A2C-8AC2-225ACA119853}.Debug|Any CPU.ActiveCfg = Debug|Any CPU
		{3A124848-5275-4A2C-8AC2-225ACA119853}.Debug|Any CPU.Build.0 = Debug|Any CPU
		{3A124848-5275-4A2C-8AC2-225ACA119853}.Release|Any CPU.ActiveCfg = Release|Any CPU
		{3A124848-5275-4A2C-8AC2-225ACA119853}.Release|Any CPU.Build.0 = Release|Any CPU
		{0B596590-E815-4C30-B841-22AD9F950D03}.Debug|Any CPU.ActiveCfg = Debug|Any CPU
		{0B596590-E815-4C30-B841-22AD9F950D03}.Debug|Any CPU.Build.0 = Debug|Any CPU
		{0B596590-E815-4C30-B841-22AD9F950D03}.Release|Any CPU.ActiveCfg = Release|Any CPU
		{0B596590-E815-4C30-B841-22AD9F950D03}.Release|Any CPU.Build.0 = Release|Any CPU
		{4C5219D7-D39F-4154-A019-ED9BBE7466DE}.Debug|Any CPU.ActiveCfg = Debug|Any CPU
		{4C5219D7-D39F-4154-A019-ED9BBE7466DE}.Debug|Any CPU.Build.0 = Debug|Any CPU
		{4C5219D7-D39F-4154-A019-ED9BBE7466DE}.Release|Any CPU.ActiveCfg = Release|Any CPU
		{4C5219D7-D39F-4154-A019-ED9BBE7466DE}.Release|Any CPU.Build.0 = Release|Any CPU
		{2D5A55A4-C8A4-452E-93FB-A10BAA566A1B}.Debug|Any CPU.ActiveCfg = Debug|Any CPU
		{2D5A55A4-C8A4-452E-93FB-A10BAA566A1B}.Debug|Any CPU.Build.0 = Debug|Any CPU
		{2D5A55A4-C8A4-452E-93FB-A10BAA566A1B}.Release|Any CPU.ActiveCfg = Release|Any CPU
		{2D5A55A4-C8A4-452E-93FB-A10BAA566A1B}.Release|Any CPU.Build.0 = Release|Any CPU
		{6BB0A89D-660E-4E08-9A23-C2A001BA72C2}.Debug|Any CPU.ActiveCfg = Debug|Any CPU
		{6BB0A89D-660E-4E08-9A23-C2A001BA72C2}.Debug|Any CPU.Build.0 = Debug|Any CPU
		{6BB0A89D-660E-4E08-9A23-C2A001BA72C2}.Release|Any CPU.ActiveCfg = Release|Any CPU
		{6BB0A89D-660E-4E08-9A23-C2A001BA72C2}.Release|Any CPU.Build.0 = Release|Any CPU
		{E0C9A805-7A2C-4407-AB0B-5197148EF40B}.Debug|Any CPU.ActiveCfg = Debug|Any CPU
		{E0C9A805-7A2C-4407-AB0B-5197148EF40B}.Debug|Any CPU.Build.0 = Debug|Any CPU
		{E0C9A805-7A2C-4407-AB0B-5197148EF40B}.Release|Any CPU.ActiveCfg = Release|Any CPU
		{E0C9A805-7A2C-4407-AB0B-5197148EF40B}.Release|Any CPU.Build.0 = Release|Any CPU
		{0716B05C-7424-43F8-AE12-EB10E6CD2E3C}.Debug|Any CPU.ActiveCfg = Debug|Any CPU
		{0716B05C-7424-43F8-AE12-EB10E6CD2E3C}.Debug|Any CPU.Build.0 = Debug|Any CPU
		{0716B05C-7424-43F8-AE12-EB10E6CD2E3C}.Release|Any CPU.ActiveCfg = Release|Any CPU
		{0716B05C-7424-43F8-AE12-EB10E6CD2E3C}.Release|Any CPU.Build.0 = Release|Any CPU
		{54030D05-DEA5-47F6-A0E2-C5B100CF7895}.Debug|Any CPU.ActiveCfg = Debug|Any CPU
		{54030D05-DEA5-47F6-A0E2-C5B100CF7895}.Debug|Any CPU.Build.0 = Debug|Any CPU
		{54030D05-DEA5-47F6-A0E2-C5B100CF7895}.Release|Any CPU.ActiveCfg = Release|Any CPU
		{54030D05-DEA5-47F6-A0E2-C5B100CF7895}.Release|Any CPU.Build.0 = Release|Any CPU
		{3229E91C-E58F-415D-9937-DFA35E7A6579}.Debug|Any CPU.ActiveCfg = Debug|Any CPU
		{3229E91C-E58F-415D-9937-DFA35E7A6579}.Debug|Any CPU.Build.0 = Debug|Any CPU
		{3229E91C-E58F-415D-9937-DFA35E7A6579}.Release|Any CPU.ActiveCfg = Release|Any CPU
		{3229E91C-E58F-415D-9937-DFA35E7A6579}.Release|Any CPU.Build.0 = Release|Any CPU
	EndGlobalSection
	GlobalSection(SolutionProperties) = preSolution
		HideSolutionNode = FALSE
	EndGlobalSection
	GlobalSection(ExtensibilityGlobals) = postSolution
		SolutionGuid = {06691796-671B-4A94-88E9-152128C22029}
	EndGlobalSection
EndGlobal
